
Microsoft Visual Studio Solution File, Format Version 12.00
# Visual Studio 15
VisualStudioVersion = 15.0.28307.852
MinimumVisualStudioVersion = 10.0.40219.1
Project("{FAE04EC0-301F-11D3-BF4B-00C04F79EFBC}") = "ex1", "ex1\ex1.csproj", "{13FC101F-4922-402C-A735-764E6DB7672C}"
EndProject
Global
	GlobalSection(SolutionConfigurationPlatforms) = preSolution
		Debug|Any CPU = Debug|Any CPU
		Release|Any CPU = Release|Any CPU
	EndGlobalSection
	GlobalSection(ProjectConfigurationPlatforms) = postSolution
		{13FC101F-4922-402C-A735-764E6DB7672C}.Debug|Any CPU.ActiveCfg = Debug|Any CPU
		{13FC101F-4922-402C-A735-764E6DB7672C}.Debug|Any CPU.Build.0 = Debug|Any CPU
		{13FC101F-4922-402C-A735-764E6DB7672C}.Release|Any CPU.ActiveCfg = Release|Any CPU
		{13FC101F-4922-402C-A735-764E6DB7672C}.Release|Any CPU.Build.0 = Release|Any CPU
	EndGlobalSection
	GlobalSection(SolutionProperties) = preSolution
		HideSolutionNode = FALSE
	EndGlobalSection
	GlobalSection(ExtensibilityGlobals) = postSolution
		SolutionGuid = {4FB4C270-CD52-4C42-A27E-29D8B357CE26}
	EndGlobalSection
EndGlobal
