
Microsoft Visual Studio Solution File, Format Version 12.00
# Visual Studio 15
VisualStudioVersion = 15.0.28307.852
MinimumVisualStudioVersion = 10.0.40219.1
Project("{FAE04EC0-301F-11D3-BF4B-00C04F79EFBC}") = "ex8", "ex8\ex8.csproj", "{5FC66A1F-0B65-4C5F-B286-A036FCBF125C}"
EndProject
Global
	GlobalSection(SolutionConfigurationPlatforms) = preSolution
		Debug|Any CPU = Debug|Any CPU
		Release|Any CPU = Release|Any CPU
	EndGlobalSection
	GlobalSection(ProjectConfigurationPlatforms) = postSolution
		{5FC66A1F-0B65-4C5F-B286-A036FCBF125C}.Debug|Any CPU.ActiveCfg = Debug|Any CPU
		{5FC66A1F-0B65-4C5F-B286-A036FCBF125C}.Debug|Any CPU.Build.0 = Debug|Any CPU
		{5FC66A1F-0B65-4C5F-B286-A036FCBF125C}.Release|Any CPU.ActiveCfg = Release|Any CPU
		{5FC66A1F-0B65-4C5F-B286-A036FCBF125C}.Release|Any CPU.Build.0 = Release|Any CPU
	EndGlobalSection
	GlobalSection(SolutionProperties) = preSolution
		HideSolutionNode = FALSE
	EndGlobalSection
	GlobalSection(ExtensibilityGlobals) = postSolution
		SolutionGuid = {7E504CB3-D250-4CF2-9D15-AE42BBB310BB}
	EndGlobalSection
EndGlobal
