
Microsoft Visual Studio Solution File, Format Version 12.00
# Visual Studio 15
VisualStudioVersion = 15.0.28307.852
MinimumVisualStudioVersion = 10.0.40219.1
Project("{FAE04EC0-301F-11D3-BF4B-00C04F79EFBC}") = "ex1", "ex1\ex1.csproj", "{D10C7F81-0EFF-49E3-BB1A-219F59432F87}"
EndProject
Global
	GlobalSection(SolutionConfigurationPlatforms) = preSolution
		Debug|Any CPU = Debug|Any CPU
		Release|Any CPU = Release|Any CPU
	EndGlobalSection
	GlobalSection(ProjectConfigurationPlatforms) = postSolution
		{D10C7F81-0EFF-49E3-BB1A-219F59432F87}.Debug|Any CPU.ActiveCfg = Debug|Any CPU
		{D10C7F81-0EFF-49E3-BB1A-219F59432F87}.Debug|Any CPU.Build.0 = Debug|Any CPU
		{D10C7F81-0EFF-49E3-BB1A-219F59432F87}.Release|Any CPU.ActiveCfg = Release|Any CPU
		{D10C7F81-0EFF-49E3-BB1A-219F59432F87}.Release|Any CPU.Build.0 = Release|Any CPU
	EndGlobalSection
	GlobalSection(SolutionProperties) = preSolution
		HideSolutionNode = FALSE
	EndGlobalSection
	GlobalSection(ExtensibilityGlobals) = postSolution
		SolutionGuid = {5384FEF9-A560-45D8-B238-AF02C1F56032}
	EndGlobalSection
EndGlobal
