
Microsoft Visual Studio Solution File, Format Version 12.00
# Visual Studio 15
VisualStudioVersion = 15.0.28307.852
MinimumVisualStudioVersion = 10.0.40219.1
Project("{FAE04EC0-301F-11D3-BF4B-00C04F79EFBC}") = "ex8", "ex8\ex8.csproj", "{BF5B66AB-38B0-4214-A193-003D34E48FEE}"
EndProject
Global
	GlobalSection(SolutionConfigurationPlatforms) = preSolution
		Debug|Any CPU = Debug|Any CPU
		Release|Any CPU = Release|Any CPU
	EndGlobalSection
	GlobalSection(ProjectConfigurationPlatforms) = postSolution
		{BF5B66AB-38B0-4214-A193-003D34E48FEE}.Debug|Any CPU.ActiveCfg = Debug|Any CPU
		{BF5B66AB-38B0-4214-A193-003D34E48FEE}.Debug|Any CPU.Build.0 = Debug|Any CPU
		{BF5B66AB-38B0-4214-A193-003D34E48FEE}.Release|Any CPU.ActiveCfg = Release|Any CPU
		{BF5B66AB-38B0-4214-A193-003D34E48FEE}.Release|Any CPU.Build.0 = Release|Any CPU
	EndGlobalSection
	GlobalSection(SolutionProperties) = preSolution
		HideSolutionNode = FALSE
	EndGlobalSection
	GlobalSection(ExtensibilityGlobals) = postSolution
		SolutionGuid = {7D3C0BAC-B345-49CC-9EA3-4CC33CCB182E}
	EndGlobalSection
EndGlobal
