
Microsoft Visual Studio Solution File, Format Version 12.00
# Visual Studio 15
VisualStudioVersion = 15.0.28307.852
MinimumVisualStudioVersion = 10.0.40219.1
Project("{FAE04EC0-301F-11D3-BF4B-00C04F79EFBC}") = "ex3", "ex3\ex3.csproj", "{43D4C3B2-B706-4D0C-9B69-05E2405FEF77}"
EndProject
Global
	GlobalSection(SolutionConfigurationPlatforms) = preSolution
		Debug|Any CPU = Debug|Any CPU
		Release|Any CPU = Release|Any CPU
	EndGlobalSection
	GlobalSection(ProjectConfigurationPlatforms) = postSolution
		{43D4C3B2-B706-4D0C-9B69-05E2405FEF77}.Debug|Any CPU.ActiveCfg = Debug|Any CPU
		{43D4C3B2-B706-4D0C-9B69-05E2405FEF77}.Debug|Any CPU.Build.0 = Debug|Any CPU
		{43D4C3B2-B706-4D0C-9B69-05E2405FEF77}.Release|Any CPU.ActiveCfg = Release|Any CPU
		{43D4C3B2-B706-4D0C-9B69-05E2405FEF77}.Release|Any CPU.Build.0 = Release|Any CPU
	EndGlobalSection
	GlobalSection(SolutionProperties) = preSolution
		HideSolutionNode = FALSE
	EndGlobalSection
	GlobalSection(ExtensibilityGlobals) = postSolution
		SolutionGuid = {9E87CF4C-F414-40A8-BD82-4C7C2A9507B6}
	EndGlobalSection
EndGlobal
