
Microsoft Visual Studio Solution File, Format Version 12.00
# Visual Studio 15
VisualStudioVersion = 15.0.28307.852
MinimumVisualStudioVersion = 10.0.40219.1
Project("{FAE04EC0-301F-11D3-BF4B-00C04F79EFBC}") = "ex8", "ex8\ex8.csproj", "{1B492C44-B155-4959-BEDA-C01E55650285}"
EndProject
Global
	GlobalSection(SolutionConfigurationPlatforms) = preSolution
		Debug|Any CPU = Debug|Any CPU
		Release|Any CPU = Release|Any CPU
	EndGlobalSection
	GlobalSection(ProjectConfigurationPlatforms) = postSolution
		{1B492C44-B155-4959-BEDA-C01E55650285}.Debug|Any CPU.ActiveCfg = Debug|Any CPU
		{1B492C44-B155-4959-BEDA-C01E55650285}.Debug|Any CPU.Build.0 = Debug|Any CPU
		{1B492C44-B155-4959-BEDA-C01E55650285}.Release|Any CPU.ActiveCfg = Release|Any CPU
		{1B492C44-B155-4959-BEDA-C01E55650285}.Release|Any CPU.Build.0 = Release|Any CPU
	EndGlobalSection
	GlobalSection(SolutionProperties) = preSolution
		HideSolutionNode = FALSE
	EndGlobalSection
	GlobalSection(ExtensibilityGlobals) = postSolution
		SolutionGuid = {65492D2D-1504-4542-A90C-9B6608C03320}
	EndGlobalSection
EndGlobal
