
Microsoft Visual Studio Solution File, Format Version 12.00
# Visual Studio 15
VisualStudioVersion = 15.0.28307.852
MinimumVisualStudioVersion = 10.0.40219.1
Project("{FAE04EC0-301F-11D3-BF4B-00C04F79EFBC}") = "ex10", "ex10\ex10.csproj", "{055A7ECF-27E4-4597-8CD6-A20149492723}"
EndProject
Global
	GlobalSection(SolutionConfigurationPlatforms) = preSolution
		Debug|Any CPU = Debug|Any CPU
		Release|Any CPU = Release|Any CPU
	EndGlobalSection
	GlobalSection(ProjectConfigurationPlatforms) = postSolution
		{055A7ECF-27E4-4597-8CD6-A20149492723}.Debug|Any CPU.ActiveCfg = Debug|Any CPU
		{055A7ECF-27E4-4597-8CD6-A20149492723}.Debug|Any CPU.Build.0 = Debug|Any CPU
		{055A7ECF-27E4-4597-8CD6-A20149492723}.Release|Any CPU.ActiveCfg = Release|Any CPU
		{055A7ECF-27E4-4597-8CD6-A20149492723}.Release|Any CPU.Build.0 = Release|Any CPU
	EndGlobalSection
	GlobalSection(SolutionProperties) = preSolution
		HideSolutionNode = FALSE
	EndGlobalSection
	GlobalSection(ExtensibilityGlobals) = postSolution
		SolutionGuid = {A74CD7DC-A37D-41DC-A5DC-53513FB7C61C}
	EndGlobalSection
EndGlobal
