
Microsoft Visual Studio Solution File, Format Version 12.00
# Visual Studio 15
VisualStudioVersion = 15.0.28307.852
MinimumVisualStudioVersion = 10.0.40219.1
Project("{FAE04EC0-301F-11D3-BF4B-00C04F79EFBC}") = "ex10", "ex10\ex10.csproj", "{CF4E83C2-1453-4532-B343-0F34DEFD2635}"
EndProject
Global
	GlobalSection(SolutionConfigurationPlatforms) = preSolution
		Debug|Any CPU = Debug|Any CPU
		Release|Any CPU = Release|Any CPU
	EndGlobalSection
	GlobalSection(ProjectConfigurationPlatforms) = postSolution
		{CF4E83C2-1453-4532-B343-0F34DEFD2635}.Debug|Any CPU.ActiveCfg = Debug|Any CPU
		{CF4E83C2-1453-4532-B343-0F34DEFD2635}.Debug|Any CPU.Build.0 = Debug|Any CPU
		{CF4E83C2-1453-4532-B343-0F34DEFD2635}.Release|Any CPU.ActiveCfg = Release|Any CPU
		{CF4E83C2-1453-4532-B343-0F34DEFD2635}.Release|Any CPU.Build.0 = Release|Any CPU
	EndGlobalSection
	GlobalSection(SolutionProperties) = preSolution
		HideSolutionNode = FALSE
	EndGlobalSection
	GlobalSection(ExtensibilityGlobals) = postSolution
		SolutionGuid = {7346394A-43FA-46CB-AA0D-7FEE7B845C32}
	EndGlobalSection
EndGlobal
