
Microsoft Visual Studio Solution File, Format Version 12.00
# Visual Studio 15
VisualStudioVersion = 15.0.28307.852
MinimumVisualStudioVersion = 10.0.40219.1
Project("{FAE04EC0-301F-11D3-BF4B-00C04F79EFBC}") = "ex1", "ex1\ex1.csproj", "{539C728B-FAA7-42EE-8961-A44409C66233}"
EndProject
Global
	GlobalSection(SolutionConfigurationPlatforms) = preSolution
		Debug|Any CPU = Debug|Any CPU
		Release|Any CPU = Release|Any CPU
	EndGlobalSection
	GlobalSection(ProjectConfigurationPlatforms) = postSolution
		{539C728B-FAA7-42EE-8961-A44409C66233}.Debug|Any CPU.ActiveCfg = Debug|Any CPU
		{539C728B-FAA7-42EE-8961-A44409C66233}.Debug|Any CPU.Build.0 = Debug|Any CPU
		{539C728B-FAA7-42EE-8961-A44409C66233}.Release|Any CPU.ActiveCfg = Release|Any CPU
		{539C728B-FAA7-42EE-8961-A44409C66233}.Release|Any CPU.Build.0 = Release|Any CPU
	EndGlobalSection
	GlobalSection(SolutionProperties) = preSolution
		HideSolutionNode = FALSE
	EndGlobalSection
	GlobalSection(ExtensibilityGlobals) = postSolution
		SolutionGuid = {B04CC1E2-4A86-4344-ADD4-67F4442738EF}
	EndGlobalSection
EndGlobal
