
Microsoft Visual Studio Solution File, Format Version 12.00
# Visual Studio 15
VisualStudioVersion = 15.0.28307.852
MinimumVisualStudioVersion = 10.0.40219.1
Project("{FAE04EC0-301F-11D3-BF4B-00C04F79EFBC}") = "ex3", "ex3\ex3.csproj", "{CDE629EF-18BF-44D4-93C9-30E0C77397F8}"
EndProject
Global
	GlobalSection(SolutionConfigurationPlatforms) = preSolution
		Debug|Any CPU = Debug|Any CPU
		Release|Any CPU = Release|Any CPU
	EndGlobalSection
	GlobalSection(ProjectConfigurationPlatforms) = postSolution
		{CDE629EF-18BF-44D4-93C9-30E0C77397F8}.Debug|Any CPU.ActiveCfg = Debug|Any CPU
		{CDE629EF-18BF-44D4-93C9-30E0C77397F8}.Debug|Any CPU.Build.0 = Debug|Any CPU
		{CDE629EF-18BF-44D4-93C9-30E0C77397F8}.Release|Any CPU.ActiveCfg = Release|Any CPU
		{CDE629EF-18BF-44D4-93C9-30E0C77397F8}.Release|Any CPU.Build.0 = Release|Any CPU
	EndGlobalSection
	GlobalSection(SolutionProperties) = preSolution
		HideSolutionNode = FALSE
	EndGlobalSection
	GlobalSection(ExtensibilityGlobals) = postSolution
		SolutionGuid = {95C57892-3617-4CBA-B410-4D118977BAA2}
	EndGlobalSection
EndGlobal
