
Microsoft Visual Studio Solution File, Format Version 12.00
# Visual Studio 15
VisualStudioVersion = 15.0.28307.852
MinimumVisualStudioVersion = 10.0.40219.1
Project("{FAE04EC0-301F-11D3-BF4B-00C04F79EFBC}") = "ex3", "ex3\ex3.csproj", "{064FBCDB-9BDD-4C3A-9FCC-F16F8CDBAAE1}"
EndProject
Global
	GlobalSection(SolutionConfigurationPlatforms) = preSolution
		Debug|Any CPU = Debug|Any CPU
		Release|Any CPU = Release|Any CPU
	EndGlobalSection
	GlobalSection(ProjectConfigurationPlatforms) = postSolution
		{064FBCDB-9BDD-4C3A-9FCC-F16F8CDBAAE1}.Debug|Any CPU.ActiveCfg = Debug|Any CPU
		{064FBCDB-9BDD-4C3A-9FCC-F16F8CDBAAE1}.Debug|Any CPU.Build.0 = Debug|Any CPU
		{064FBCDB-9BDD-4C3A-9FCC-F16F8CDBAAE1}.Release|Any CPU.ActiveCfg = Release|Any CPU
		{064FBCDB-9BDD-4C3A-9FCC-F16F8CDBAAE1}.Release|Any CPU.Build.0 = Release|Any CPU
	EndGlobalSection
	GlobalSection(SolutionProperties) = preSolution
		HideSolutionNode = FALSE
	EndGlobalSection
	GlobalSection(ExtensibilityGlobals) = postSolution
		SolutionGuid = {A669ACA8-AD15-43C0-8FC7-82461F54E349}
	EndGlobalSection
EndGlobal
